
Microsoft Visual Studio Solution File, Format Version 12.00
# Visual Studio Version 17
VisualStudioVersion = 17.13.35825.156 d17.13
MinimumVisualStudioVersion = 10.0.40219.1
Project("{FAE04EC0-301F-11D3-BF4B-00C04F79EFBC}") = "modul6_103022300066", "modul6_103022300066\modul6_103022300066.csproj", "{A1877D44-EA56-4CB9-B274-269C6ECAA2E1}"
EndProject
Global
	GlobalSection(SolutionConfigurationPlatforms) = preSolution
		Debug|Any CPU = Debug|Any CPU
		Release|Any CPU = Release|Any CPU
	EndGlobalSection
	GlobalSection(ProjectConfigurationPlatforms) = postSolution
		{A1877D44-EA56-4CB9-B274-269C6ECAA2E1}.Debug|Any CPU.ActiveCfg = Debug|Any CPU
		{A1877D44-EA56-4CB9-B274-269C6ECAA2E1}.Debug|Any CPU.Build.0 = Debug|Any CPU
		{A1877D44-EA56-4CB9-B274-269C6ECAA2E1}.Release|Any CPU.ActiveCfg = Release|Any CPU
		{A1877D44-EA56-4CB9-B274-269C6ECAA2E1}.Release|Any CPU.Build.0 = Release|Any CPU
	EndGlobalSection
	GlobalSection(SolutionProperties) = preSolution
		HideSolutionNode = FALSE
	EndGlobalSection
	GlobalSection(ExtensibilityGlobals) = postSolution
		SolutionGuid = {743C0934-C1F7-4E60-A0A4-13E1EEB9898C}
	EndGlobalSection
EndGlobal
